{
  "schema_version": 1,
  "components": {
    "lina": {
      "repository": "https://github.com/akinarcak/Yetka-Lina.git",
      "commit": "b108a4027cdcfd1703a7aa3c2774714b111a41e7",
      "version": "yetka-v4.10.16",
      "license": "GPL-3.0-or-later",
      "artifact": "lina-{release_tag}.tar.gz"
    },
    "luna": {
      "repository": "https://github.com/akinarcak/Yetka-Luna.git",
      "commit": "315f6d26b64e99bb4b749d61a13dc549fbef3a97",
      "version": "yetka-v4.10.16",
      "license": "GPL-3.0-or-later",
      "artifact": "luna-{release_tag}.tar.gz"
    },
    "koko": {
      "repository": "https://github.com/akinarcak/Yetka-Koko.git",
      "commit": "2c7f292193b67710c9681e9fae2a51a1b0ffbb08",
      "version": "yetka-v4.10.16",
      "license": "GPL-3.0-or-later",
      "artifact": "koko-{release_tag}-linux-amd64.tar.gz"
    }
  }
}
