{
  "schema_version": 1,
  "components": {
    "lina": {
      "repository": "https://github.com/akinarcak/Yetka-Lina.git",
      "commit": "f6f272c65509fa2be0f21d3883f192a8074519b8",
      "version": "yetka-v4.10.16",
      "license": "GPL-3.0-or-later",
      "artifact": "lina-{release_tag}.tar.gz"
    },
    "luna": {
      "repository": "https://github.com/akinarcak/Yetka-Luna.git",
      "commit": "315f6d26b64e99bb4b749d61a13dc549fbef3a97",
      "version": "yetka-v4.10.16",
      "license": "GPL-3.0-or-later",
      "artifact": "luna-{release_tag}.tar.gz"
    },
    "koko": {
      "repository": "https://github.com/akinarcak/Yetka-Koko.git",
      "commit": "7117df15a1c828929bf6da3a2c07270f4225cff5",
      "version": "yetka-v4.10.16",
      "license": "GPL-3.0-or-later",
      "artifact": "koko-{release_tag}-linux-amd64.tar.gz"
    }
  }
}
